// !$*UTF8*$!
{
	archiveVersion = 1;
	classes = {
	};
	objectVersion = 56;
	objects = {

/* Begin PBXBuildFile section */
		2D1DD7F42B8CECF1005186A4 /* AppDelegate.swift in Sources */ = {isa = PBXBuildFile; fileRef = 2D1DD7F32B8CECF1005186A4 /* AppDelegate.swift */; };
		2D1DD7F62B8CECF2005186A4 /* SceneDelegate.swift in Sources */ = {isa = PBXBuildFile; fileRef = 2D1DD7F52B8CECF2005186A4 /* SceneDelegate.swift */; };
		2D1DD7F82B8CECF2005186A4 /* ViewController.swift in Sources */ = {isa = PBXBuildFile; fileRef = 2D1DD7F72B8CECF2005186A4 /* ViewController.swift */; };
		2D1DD7FD2B8CECF4005186A4 /* Assets.xcassets in Resources */ = {isa = PBXBuildFile; fileRef = 2D1DD7FC2B8CECF4005186A4 /* Assets.xcassets */; };
		2D1DD8002B8CECF4005186A4 /* LaunchScreen.storyboard in Resources */ = {isa = PBXBuildFile; fileRef = 2D1DD7FE2B8CECF4005186A4 /* LaunchScreen.storyboard */; };
		2D1DD8082B8CF1DE005186A4 /* StartGameViewController.swift in Sources */ = {isa = PBXBuildFile; fileRef = 2D1DD8072B8CF1DE005186A4 /* StartGameViewController.swift */; };
		2D1DD80A2B8E12AA005186A4 /* HTMLResponse.swift in Sources */ = {isa = PBXBuildFile; fileRef = 2D1DD8092B8E12AA005186A4 /* HTMLResponse.swift */; };
		2D1DD80C2B8E12F2005186A4 /* Question.swift in Sources */ = {isa = PBXBuildFile; fileRef = 2D1DD80B2B8E12F2005186A4 /* Question.swift */; };
		2D1DD80E2B8E18C2005186A4 /* DataManager.swift in Sources */ = {isa = PBXBuildFile; fileRef = 2D1DD80D2B8E18C2005186A4 /* DataManager.swift */; };
		2D1DD8112B8E2013005186A4 /* GameViewModel.swift in Sources */ = {isa = PBXBuildFile; fileRef = 2D1DD8102B8E2013005186A4 /* GameViewModel.swift */; };
		2D1DD8382B8F8005005186A4 /* sound_time_ticking.mp3 in Resources */ = {isa = PBXBuildFile; fileRef = 2D1DD8332B8F8003005186A4 /* sound_time_ticking.mp3 */; };
		2D1DD8392B8F8005005186A4 /* sound_game_starts.mp3 in Resources */ = {isa = PBXBuildFile; fileRef = 2D1DD8342B8F8004005186A4 /* sound_game_starts.mp3 */; };
		2D1DD83A2B8F8005005186A4 /* sound_wrong_answer.mp3 in Resources */ = {isa = PBXBuildFile; fileRef = 2D1DD8352B8F8004005186A4 /* sound_wrong_answer.mp3 */; };
		2D1DD83B2B8F8005005186A4 /* sound_decision_made.mp3 in Resources */ = {isa = PBXBuildFile; fileRef = 2D1DD8362B8F8004005186A4 /* sound_decision_made.mp3 */; };
		2D1DD83C2B8F8005005186A4 /* sound_right_answer.mp3 in Resources */ = {isa = PBXBuildFile; fileRef = 2D1DD8372B8F8005005186A4 /* sound_right_answer.mp3 */; };
		6FE0D84B2B8E5BDD008C045E /* QuestionViewController.swift in Sources */ = {isa = PBXBuildFile; fileRef = 6FE0D84A2B8E5BDD008C045E /* QuestionViewController.swift */; };
/* End PBXBuildFile section */

/* Begin PBXFileReference section */
		2D1DD7F02B8CECF1005186A4 /* Who Wants to Be a Millionaire.app */ = {isa = PBXFileReference; explicitFileType = wrapper.application; includeInIndex = 0; path = "Who Wants to Be a Millionaire.app"; sourceTree = BUILT_PRODUCTS_DIR; };
		2D1DD7F32B8CECF1005186A4 /* AppDelegate.swift */ = {isa = PBXFileReference; lastKnownFileType = sourcecode.swift; path = AppDelegate.swift; sourceTree = "<group>"; };
		2D1DD7F52B8CECF2005186A4 /* SceneDelegate.swift */ = {isa = PBXFileReference; lastKnownFileType = sourcecode.swift; path = SceneDelegate.swift; sourceTree = "<group>"; };
		2D1DD7F72B8CECF2005186A4 /* ViewController.swift */ = {isa = PBXFileReference; lastKnownFileType = sourcecode.swift; path = ViewController.swift; sourceTree = "<group>"; };
		2D1DD7FC2B8CECF4005186A4 /* Assets.xcassets */ = {isa = PBXFileReference; lastKnownFileType = folder.assetcatalog; path = Assets.xcassets; sourceTree = "<group>"; };
		2D1DD7FF2B8CECF4005186A4 /* Base */ = {isa = PBXFileReference; lastKnownFileType = file.storyboard; name = Base; path = Base.lproj/LaunchScreen.storyboard; sourceTree = "<group>"; };
		2D1DD8012B8CECF4005186A4 /* Info.plist */ = {isa = PBXFileReference; lastKnownFileType = text.plist.xml; path = Info.plist; sourceTree = "<group>"; };
		2D1DD8072B8CF1DE005186A4 /* StartGameViewController.swift */ = {isa = PBXFileReference; lastKnownFileType = sourcecode.swift; path = StartGameViewController.swift; sourceTree = "<group>"; };
		2D1DD8092B8E12AA005186A4 /* HTMLResponse.swift */ = {isa = PBXFileReference; lastKnownFileType = sourcecode.swift; path = HTMLResponse.swift; sourceTree = "<group>"; };
		2D1DD80B2B8E12F2005186A4 /* Question.swift */ = {isa = PBXFileReference; lastKnownFileType = sourcecode.swift; path = Question.swift; sourceTree = "<group>"; };
		2D1DD80D2B8E18C2005186A4 /* DataManager.swift */ = {isa = PBXFileReference; lastKnownFileType = sourcecode.swift; path = DataManager.swift; sourceTree = "<group>"; };
		2D1DD8102B8E2013005186A4 /* GameViewModel.swift */ = {isa = PBXFileReference; lastKnownFileType = sourcecode.swift; path = GameViewModel.swift; sourceTree = "<group>"; };
		2D1DD8332B8F8003005186A4 /* sound_time_ticking.mp3 */ = {isa = PBXFileReference; lastKnownFileType = audio.mp3; path = sound_time_ticking.mp3; sourceTree = "<group>"; };
		2D1DD8342B8F8004005186A4 /* sound_game_starts.mp3 */ = {isa = PBXFileReference; lastKnownFileType = audio.mp3; path = sound_game_starts.mp3; sourceTree = "<group>"; };
		2D1DD8352B8F8004005186A4 /* sound_wrong_answer.mp3 */ = {isa = PBXFileReference; lastKnownFileType = audio.mp3; path = sound_wrong_answer.mp3; sourceTree = "<group>"; };
		2D1DD8362B8F8004005186A4 /* sound_decision_made.mp3 */ = {isa = PBXFileReference; lastKnownFileType = audio.mp3; path = sound_decision_made.mp3; sourceTree = "<group>"; };
		2D1DD8372B8F8005005186A4 /* sound_right_answer.mp3 */ = {isa = PBXFileReference; lastKnownFileType = audio.mp3; path = sound_right_answer.mp3; sourceTree = "<group>"; };
		6FE0D84A2B8E5BDD008C045E /* QuestionViewController.swift */ = {isa = PBXFileReference; lastKnownFileType = sourcecode.swift; path = QuestionViewController.swift; sourceTree = "<group>"; };
/* End PBXFileReference section */

/* Begin PBXFrameworksBuildPhase section */
		2D1DD7ED2B8CECF1005186A4 /* Frameworks */ = {
			isa = PBXFrameworksBuildPhase;
			buildActionMask = 2147483647;
			files = (
			);
			runOnlyForDeploymentPostprocessing = 0;
		};
/* End PBXFrameworksBuildPhase section */

/* Begin PBXGroup section */
		2D1DD7E72B8CECF1005186A4 = {
			isa = PBXGroup;
			children = (
				2D1DD7F22B8CECF1005186A4 /* Who Wants to Be a Millionaire */,
				2D1DD7F12B8CECF1005186A4 /* Products */,
			);
			sourceTree = "<group>";
		};
		2D1DD7F12B8CECF1005186A4 /* Products */ = {
			isa = PBXGroup;
			children = (
				2D1DD7F02B8CECF1005186A4 /* Who Wants to Be a Millionaire.app */,
			);
			name = Products;
			sourceTree = "<group>";
		};
		2D1DD7F22B8CECF1005186A4 /* Who Wants to Be a Millionaire */ = {
			isa = PBXGroup;
			children = (
				2D1DD83D2B8F800F005186A4 /* Sounds */,
				D073006A2B8F4360006D4D6B /* Utilities */,
				2D1DD80F2B8E1F5B005186A4 /* Model */,
				D07300632B8E6D0E006D4D6B /* Views */,
				D073005D2B8E6A70006D4D6B /* Controllers */,
				2D1DD80D2B8E18C2005186A4 /* DataManager.swift */,
				2D1DD8102B8E2013005186A4 /* GameViewModel.swift */,
				2D1DD7F32B8CECF1005186A4 /* AppDelegate.swift */,
				2D1DD7F52B8CECF2005186A4 /* SceneDelegate.swift */,
				6FE0D84A2B8E5BDD008C045E /* QuestionViewController.swift */,
				2D1DD8072B8CF1DE005186A4 /* StartGameViewController.swift */,
				2D1DD7F72B8CECF2005186A4 /* ViewController.swift */,
				2D1DD7FC2B8CECF4005186A4 /* Assets.xcassets */,
				2D1DD7FE2B8CECF4005186A4 /* LaunchScreen.storyboard */,
				2D1DD8012B8CECF4005186A4 /* Info.plist */,
				2D1DD8272B8E90D6005186A4 /* Sounds */,
			);
			path = "Who Wants to Be a Millionaire";
			sourceTree = "<group>";
		};
		2D1DD80F2B8E1F5B005186A4 /* Model */ = {
			isa = PBXGroup;
			children = (
				2D1DD80B2B8E12F2005186A4 /* Question.swift */,
				2D1DD8092B8E12AA005186A4 /* HTMLResponse.swift */,
			);
			path = Model;
			sourceTree = "<group>";
		};
		2D1DD83D2B8F800F005186A4 /* Sounds */ = {
			isa = PBXGroup;
			children = (
				2D1DD8362B8F8004005186A4 /* sound_decision_made.mp3 */,
				2D1DD8342B8F8004005186A4 /* sound_game_starts.mp3 */,
				2D1DD8372B8F8005005186A4 /* sound_right_answer.mp3 */,
				2D1DD8332B8F8003005186A4 /* sound_time_ticking.mp3 */,
				2D1DD8352B8F8004005186A4 /* sound_wrong_answer.mp3 */,
			);
			path = Sounds;
			sourceTree = "<group>";
		};
		D073005D2B8E6A70006D4D6B /* Controllers */ = {
			isa = PBXGroup;
			children = (
			);
			path = Controllers;
			sourceTree = "<group>";
		};
		D07300632B8E6D0E006D4D6B /* Views */ = {
			isa = PBXGroup;
			children = (
			);
			path = Views;
			sourceTree = "<group>";
		};
		D073006A2B8F4360006D4D6B /* Utilities */ = {
			isa = PBXGroup;
			children = (
			);
			path = Utilities;
			sourceTree = "<group>";
		};
/* End PBXGroup section */

/* Begin PBXNativeTarget section */
		2D1DD7EF2B8CECF1005186A4 /* Who Wants to Be a Millionaire */ = {
			isa = PBXNativeTarget;
			buildConfigurationList = 2D1DD8042B8CECF4005186A4 /* Build configuration list for PBXNativeTarget "Who Wants to Be a Millionaire" */;
			buildPhases = (
				2D1DD7EC2B8CECF1005186A4 /* Sources */,
				2D1DD7ED2B8CECF1005186A4 /* Frameworks */,
				2D1DD7EE2B8CECF1005186A4 /* Resources */,
			);
			buildRules = (
			);
			dependencies = (
			);
			name = "Who Wants to Be a Millionaire";
			packageProductDependencies = (
			);
			productName = "Who Wants to Be a Millionaire";
			productReference = 2D1DD7F02B8CECF1005186A4 /* Who Wants to Be a Millionaire.app */;
			productType = "com.apple.product-type.application";
		};
/* End PBXNativeTarget section */

/* Begin PBXProject section */
		2D1DD7E82B8CECF1005186A4 /* Project object */ = {
			isa = PBXProject;
			attributes = {
				BuildIndependentTargetsInParallel = 1;
				LastSwiftUpdateCheck = 1500;
				LastUpgradeCheck = 1500;
				TargetAttributes = {
					2D1DD7EF2B8CECF1005186A4 = {
						CreatedOnToolsVersion = 15.0;
					};
				};
			};
			buildConfigurationList = 2D1DD7EB2B8CECF1005186A4 /* Build configuration list for PBXProject "Who Wants to Be a Millionaire" */;
			compatibilityVersion = "Xcode 14.0";
			developmentRegion = en;
			hasScannedForEncodings = 0;
			knownRegions = (
				en,
				Base,
			);
			mainGroup = 2D1DD7E72B8CECF1005186A4;
			packageReferences = (
			);
			productRefGroup = 2D1DD7F12B8CECF1005186A4 /* Products */;
			projectDirPath = "";
			projectRoot = "";
			targets = (
				2D1DD7EF2B8CECF1005186A4 /* Who Wants to Be a Millionaire */,
			);
		};
/* End PBXProject section */

/* Begin PBXResourcesBuildPhase section */
		2D1DD7EE2B8CECF1005186A4 /* Resources */ = {
			isa = PBXResourcesBuildPhase;
			buildActionMask = 2147483647;
			files = (
				2D1DD8002B8CECF4005186A4 /* LaunchScreen.storyboard in Resources */,
				2D1DD8392B8F8005005186A4 /* sound_game_starts.mp3 in Resources */,
				2D1DD83C2B8F8005005186A4 /* sound_right_answer.mp3 in Resources */,
				2D1DD83A2B8F8005005186A4 /* sound_wrong_answer.mp3 in Resources */,
				2D1DD83B2B8F8005005186A4 /* sound_decision_made.mp3 in Resources */,
				2D1DD8382B8F8005005186A4 /* sound_time_ticking.mp3 in Resources */,
				2D1DD7FD2B8CECF4005186A4 /* Assets.xcassets in Resources */,
			);
			runOnlyForDeploymentPostprocessing = 0;
		};
/* End PBXResourcesBuildPhase section */

/* Begin PBXSourcesBuildPhase section */
		2D1DD7EC2B8CECF1005186A4 /* Sources */ = {
			isa = PBXSourcesBuildPhase;
			buildActionMask = 2147483647;
			files = (
				2D1DD7F82B8CECF2005186A4 /* ViewController.swift in Sources */,
				2D1DD7F42B8CECF1005186A4 /* AppDelegate.swift in Sources */,
				2D1DD80A2B8E12AA005186A4 /* HTMLResponse.swift in Sources */,
				2D1DD80E2B8E18C2005186A4 /* DataManager.swift in Sources */,
				2D1DD8112B8E2013005186A4 /* GameViewModel.swift in Sources */,
				2D1DD80C2B8E12F2005186A4 /* Question.swift in Sources */,
				2D1DD7F62B8CECF2005186A4 /* SceneDelegate.swift in Sources */,
				2D1DD8082B8CF1DE005186A4 /* StartGameViewController.swift in Sources */,
				6FE0D84B2B8E5BDD008C045E /* QuestionViewController.swift in Sources */,
			);
			runOnlyForDeploymentPostprocessing = 0;
		};
/* End PBXSourcesBuildPhase section */

/* Begin PBXVariantGroup section */
		2D1DD7FE2B8CECF4005186A4 /* LaunchScreen.storyboard */ = {
			isa = PBXVariantGroup;
			children = (
				2D1DD7FF2B8CECF4005186A4 /* Base */,
			);
			name = LaunchScreen.storyboard;
			sourceTree = "<group>";
		};
/* End PBXVariantGroup section */

/* Begin XCBuildConfiguration section */
		2D1DD8022B8CECF4005186A4 /* Debug */ = {
			isa = XCBuildConfiguration;
			buildSettings = {
				ALWAYS_SEARCH_USER_PATHS = NO;
				ASSETCATALOG_COMPILER_GENERATE_SWIFT_ASSET_SYMBOL_EXTENSIONS = YES;
				CLANG_ANALYZER_NONNULL = YES;
				CLANG_ANALYZER_NUMBER_OBJECT_CONVERSION = YES_AGGRESSIVE;
				CLANG_CXX_LANGUAGE_STANDARD = "gnu++20";
				CLANG_ENABLE_MODULES = YES;
				CLANG_ENABLE_OBJC_ARC = YES;
				CLANG_ENABLE_OBJC_WEAK = YES;
				CLANG_WARN_BLOCK_CAPTURE_AUTORELEASING = YES;
				CLANG_WARN_BOOL_CONVERSION = YES;
				CLANG_WARN_COMMA = YES;
				CLANG_WARN_CONSTANT_CONVERSION = YES;
				CLANG_WARN_DEPRECATED_OBJC_IMPLEMENTATIONS = YES;
				CLANG_WARN_DIRECT_OBJC_ISA_USAGE = YES_ERROR;
				CLANG_WARN_DOCUMENTATION_COMMENTS = YES;
				CLANG_WARN_EMPTY_BODY = YES;
				CLANG_WARN_ENUM_CONVERSION = YES;
				CLANG_WARN_INFINITE_RECURSION = YES;
				CLANG_WARN_INT_CONVERSION = YES;
				CLANG_WARN_NON_LITERAL_NULL_CONVERSION = YES;
				CLANG_WARN_OBJC_IMPLICIT_RETAIN_SELF = YES;
				CLANG_WARN_OBJC_LITERAL_CONVERSION = YES;
				CLANG_WARN_OBJC_ROOT_CLASS = YES_ERROR;
				CLANG_WARN_QUOTED_INCLUDE_IN_FRAMEWORK_HEADER = YES;
				CLANG_WARN_RANGE_LOOP_ANALYSIS = YES;
				CLANG_WARN_STRICT_PROTOTYPES = YES;
				CLANG_WARN_SUSPICIOUS_MOVE = YES;
				CLANG_WARN_UNGUARDED_AVAILABILITY = YES_AGGRESSIVE;
				CLANG_WARN_UNREACHABLE_CODE = YES;
				CLANG_WARN__DUPLICATE_METHOD_MATCH = YES;
				COPY_PHASE_STRIP = NO;
				DEBUG_INFORMATION_FORMAT = dwarf;
				ENABLE_STRICT_OBJC_MSGSEND = YES;
				ENABLE_TESTABILITY = YES;
				ENABLE_USER_SCRIPT_SANDBOXING = YES;
				GCC_C_LANGUAGE_STANDARD = gnu17;
				GCC_DYNAMIC_NO_PIC = NO;
				GCC_NO_COMMON_BLOCKS = YES;
				GCC_OPTIMIZATION_LEVEL = 0;
				GCC_PREPROCESSOR_DEFINITIONS = (
					"DEBUG=1",
					"$(inherited)",
				);
				GCC_WARN_64_TO_32_BIT_CONVERSION = YES;
				GCC_WARN_ABOUT_RETURN_TYPE = YES_ERROR;
				GCC_WARN_UNDECLARED_SELECTOR = YES;
				GCC_WARN_UNINITIALIZED_AUTOS = YES_AGGRESSIVE;
				GCC_WARN_UNUSED_FUNCTION = YES;
				GCC_WARN_UNUSED_VARIABLE = YES;
				IPHONEOS_DEPLOYMENT_TARGET = 16.0;
				LOCALIZATION_PREFERS_STRING_CATALOGS = YES;
				MTL_ENABLE_DEBUG_INFO = INCLUDE_SOURCE;
				MTL_FAST_MATH = YES;
				ONLY_ACTIVE_ARCH = YES;
				SDKROOT = iphoneos;
				SWIFT_ACTIVE_COMPILATION_CONDITIONS = "DEBUG $(inherited)";
				SWIFT_OPTIMIZATION_LEVEL = "-Onone";
			};
			name = Debug;
		};
		2D1DD8032B8CECF4005186A4 /* Release */ = {
			isa = XCBuildConfiguration;
			buildSettings = {
				ALWAYS_SEARCH_USER_PATHS = NO;
				ASSETCATALOG_COMPILER_GENERATE_SWIFT_ASSET_SYMBOL_EXTENSIONS = YES;
				CLANG_ANALYZER_NONNULL = YES;
				CLANG_ANALYZER_NUMBER_OBJECT_CONVERSION = YES_AGGRESSIVE;
				CLANG_CXX_LANGUAGE_STANDARD = "gnu++20";
				CLANG_ENABLE_MODULES = YES;
				CLANG_ENABLE_OBJC_ARC = YES;
				CLANG_ENABLE_OBJC_WEAK = YES;
				CLANG_WARN_BLOCK_CAPTURE_AUTORELEASING = YES;
				CLANG_WARN_BOOL_CONVERSION = YES;
				CLANG_WARN_COMMA = YES;
				CLANG_WARN_CONSTANT_CONVERSION = YES;
				CLANG_WARN_DEPRECATED_OBJC_IMPLEMENTATIONS = YES;
				CLANG_WARN_DIRECT_OBJC_ISA_USAGE = YES_ERROR;
				CLANG_WARN_DOCUMENTATION_COMMENTS = YES;
				CLANG_WARN_EMPTY_BODY = YES;
				CLANG_WARN_ENUM_CONVERSION = YES;
				CLANG_WARN_INFINITE_RECURSION = YES;
				CLANG_WARN_INT_CONVERSION = YES;
				CLANG_WARN_NON_LITERAL_NULL_CONVERSION = YES;
				CLANG_WARN_OBJC_IMPLICIT_RETAIN_SELF = YES;
				CLANG_WARN_OBJC_LITERAL_CONVERSION = YES;
				CLANG_WARN_OBJC_ROOT_CLASS = YES_ERROR;
				CLANG_WARN_QUOTED_INCLUDE_IN_FRAMEWORK_HEADER = YES;
				CLANG_WARN_RANGE_LOOP_ANALYSIS = YES;
				CLANG_WARN_STRICT_PROTOTYPES = YES;
				CLANG_WARN_SUSPICIOUS_MOVE = YES;
				CLANG_WARN_UNGUARDED_AVAILABILITY = YES_AGGRESSIVE;
				CLANG_WARN_UNREACHABLE_CODE = YES;
				CLANG_WARN__DUPLICATE_METHOD_MATCH = YES;
				COPY_PHASE_STRIP = NO;
				DEBUG_INFORMATION_FORMAT = "dwarf-with-dsym";
				ENABLE_NS_ASSERTIONS = NO;
				ENABLE_STRICT_OBJC_MSGSEND = YES;
				ENABLE_USER_SCRIPT_SANDBOXING = YES;
				GCC_C_LANGUAGE_STANDARD = gnu17;
				GCC_NO_COMMON_BLOCKS = YES;
				GCC_WARN_64_TO_32_BIT_CONVERSION = YES;
				GCC_WARN_ABOUT_RETURN_TYPE = YES_ERROR;
				GCC_WARN_UNDECLARED_SELECTOR = YES;
				GCC_WARN_UNINITIALIZED_AUTOS = YES_AGGRESSIVE;
				GCC_WARN_UNUSED_FUNCTION = YES;
				GCC_WARN_UNUSED_VARIABLE = YES;
				IPHONEOS_DEPLOYMENT_TARGET = 16.0;
				LOCALIZATION_PREFERS_STRING_CATALOGS = YES;
				MTL_ENABLE_DEBUG_INFO = NO;
				MTL_FAST_MATH = YES;
				SDKROOT = iphoneos;
				SWIFT_COMPILATION_MODE = wholemodule;
				VALIDATE_PRODUCT = YES;
			};
			name = Release;
		};
		2D1DD8052B8CECF4005186A4 /* Debug */ = {
			isa = XCBuildConfiguration;
			buildSettings = {
				ASSETCATALOG_COMPILER_APPICON_NAME = AppIcon;
				ASSETCATALOG_COMPILER_GLOBAL_ACCENT_COLOR_NAME = AccentColor;
				CODE_SIGN_STYLE = Automatic;
				CURRENT_PROJECT_VERSION = 1;
				DEVELOPMENT_TEAM = D6BK75VU2R;
				GENERATE_INFOPLIST_FILE = YES;
				INFOPLIST_FILE = "Who Wants to Be a Millionaire/Info.plist";
				INFOPLIST_KEY_CFBundleDisplayName = "The Millionaire";
				INFOPLIST_KEY_UIApplicationSupportsIndirectInputEvents = YES;
				INFOPLIST_KEY_UILaunchStoryboardName = LaunchScreen;
				INFOPLIST_KEY_UISupportedInterfaceOrientations = UIInterfaceOrientationPortrait;
				IPHONEOS_DEPLOYMENT_TARGET = 16.0;
				LD_RUNPATH_SEARCH_PATHS = (
					"$(inherited)",
					"@executable_path/Frameworks",
				);
				MARKETING_VERSION = 1.0;
				PRODUCT_BUNDLE_IDENTIFIER = "com.paddubny.Who-Wants-to-Be-a-Millionaire";
				PRODUCT_NAME = "$(TARGET_NAME)";
				SWIFT_EMIT_LOC_STRINGS = YES;
				SWIFT_VERSION = 5.0;
				TARGETED_DEVICE_FAMILY = "1,2";
			};
			name = Debug;
		};
		2D1DD8062B8CECF4005186A4 /* Release */ = {
			isa = XCBuildConfiguration;
			buildSettings = {
				ASSETCATALOG_COMPILER_APPICON_NAME = AppIcon;
				ASSETCATALOG_COMPILER_GLOBAL_ACCENT_COLOR_NAME = AccentColor;
				CODE_SIGN_STYLE = Automatic;
				CURRENT_PROJECT_VERSION = 1;
				DEVELOPMENT_TEAM = D6BK75VU2R;
				GENERATE_INFOPLIST_FILE = YES;
				INFOPLIST_FILE = "Who Wants to Be a Millionaire/Info.plist";
				INFOPLIST_KEY_CFBundleDisplayName = "The Millionaire";
				INFOPLIST_KEY_UIApplicationSupportsIndirectInputEvents = YES;
				INFOPLIST_KEY_UILaunchStoryboardName = LaunchScreen;
				INFOPLIST_KEY_UISupportedInterfaceOrientations = UIInterfaceOrientationPortrait;
				IPHONEOS_DEPLOYMENT_TARGET = 16.0;
				LD_RUNPATH_SEARCH_PATHS = (
					"$(inherited)",
					"@executable_path/Frameworks",
				);
				MARKETING_VERSION = 1.0;
				PRODUCT_BUNDLE_IDENTIFIER = "com.paddubny.Who-Wants-to-Be-a-Millionaire";
				PRODUCT_NAME = "$(TARGET_NAME)";
				SWIFT_EMIT_LOC_STRINGS = YES;
				SWIFT_VERSION = 5.0;
				TARGETED_DEVICE_FAMILY = "1,2";
			};
			name = Release;
		};
/* End XCBuildConfiguration section */

/* Begin XCConfigurationList section */
		2D1DD7EB2B8CECF1005186A4 /* Build configuration list for PBXProject "Who Wants to Be a Millionaire" */ = {
			isa = XCConfigurationList;
			buildConfigurations = (
				2D1DD8022B8CECF4005186A4 /* Debug */,
				2D1DD8032B8CECF4005186A4 /* Release */,
			);
			defaultConfigurationIsVisible = 0;
			defaultConfigurationName = Release;
		};
		2D1DD8042B8CECF4005186A4 /* Build configuration list for PBXNativeTarget "Who Wants to Be a Millionaire" */ = {
			isa = XCConfigurationList;
			buildConfigurations = (
				2D1DD8052B8CECF4005186A4 /* Debug */,
				2D1DD8062B8CECF4005186A4 /* Release */,
			);
			defaultConfigurationIsVisible = 0;
			defaultConfigurationName = Release;
		};
/* End XCConfigurationList section */
	};
	rootObject = 2D1DD7E82B8CECF1005186A4 /* Project object */;
}
